Microsoft Visual Studio Solution File, Format Version 12.00
# Visual Studio Version 17
VisualStudioVersion = 17.5.2.0
MinimumVisualStudioVersion = 10.0.40219.1
Project("{FAE04EC0-301F-11D3-BF4B-00C04F79EFBC}") = "ExerciseLibrary.Frontend", "ExerciseLibrary.Frontend.csproj", "{86149CF3-457E-3FB8-4009-7BC821D7617A}"
EndProject
Global
	GlobalSection(SolutionConfigurationPlatforms) = preSolution
		Debug|Any CPU = Debug|Any CPU
		Release|Any CPU = Release|Any CPU
	EndGlobalSection
	GlobalSection(ProjectConfigurationPlatforms) = postSolution
		{86149CF3-457E-3FB8-4009-7BC821D7617A}.Debug|Any CPU.ActiveCfg = Debug|Any CPU
		{86149CF3-457E-3FB8-4009-7BC821D7617A}.Debug|Any CPU.Build.0 = Debug|Any CPU
		{86149CF3-457E-3FB8-4009-7BC821D7617A}.Release|Any CPU.ActiveCfg = Release|Any CPU
		{86149CF3-457E-3FB8-4009-7BC821D7617A}.Release|Any CPU.Build.0 = Release|Any CPU
	EndGlobalSection
	GlobalSection(SolutionProperties) = preSolution
		HideSolutionNode = FALSE
	EndGlobalSection
	GlobalSection(ExtensibilityGlobals) = postSolution
		SolutionGuid = {D5FC1A8C-B1D0-4BBD-867F-4111F0942139}
	EndGlobalSection
EndGlobal
